
Microsoft Visual Studio Solution File, Format Version 12.00
# Visual Studio 2015
Project("{FAE04EC0-301F-11D3-BF4B-00C04F79EFBC}") = "Ex01.CSharp", "Ex01.CSharp.csproj", "{AC105243-3DE5-A82B-9920-3BABE5BC3862}"
EndProject
Global
	GlobalSection(SolutionConfigurationPlatforms) = preSolution
		Debug|Any CPU = Debug|Any CPU
		Release|Any CPU = Release|Any CPU
	EndGlobalSection
	GlobalSection(ProjectConfigurationPlatforms) = postSolution
		{AC105243-3DE5-A82B-9920-3BABE5BC3862}.Debug|Any CPU.ActiveCfg = Debug|Any CPU
		{AC105243-3DE5-A82B-9920-3BABE5BC3862}.Debug|Any CPU.Build.0 = Debug|Any CPU
		{AC105243-3DE5-A82B-9920-3BABE5BC3862}.Release|Any CPU.ActiveCfg = Release|Any CPU
		{AC105243-3DE5-A82B-9920-3BABE5BC3862}.Release|Any CPU.Build.0 = Release|Any CPU
	EndGlobalSection
	GlobalSection(SolutionProperties) = preSolution
		HideSolutionNode = FALSE
	EndGlobalSection
EndGlobal
